
Microsoft Visual Studio Solution File, Format Version 12.00
# Visual Studio Version 16
VisualStudioVersion = 25.0.1706.3
MinimumVisualStudioVersion = 10.0.40219.1
Project("{FAE04EC0-301F-11D3-BF4B-00C04F79EFBC}") = "Arv.b", "Arv.b\Arv.b.csproj", "{71410B50-E3A6-4664-9809-B1C4E6AD8C8F}"
EndProject
Global
	GlobalSection(SolutionConfigurationPlatforms) = preSolution
		Debug|Any CPU = Debug|Any CPU
		Release|Any CPU = Release|Any CPU
	EndGlobalSection
	GlobalSection(ProjectConfigurationPlatforms) = postSolution
		{71410B50-E3A6-4664-9809-B1C4E6AD8C8F}.Debug|Any CPU.ActiveCfg = Debug|Any CPU
		{71410B50-E3A6-4664-9809-B1C4E6AD8C8F}.Debug|Any CPU.Build.0 = Debug|Any CPU
		{71410B50-E3A6-4664-9809-B1C4E6AD8C8F}.Release|Any CPU.ActiveCfg = Release|Any CPU
		{71410B50-E3A6-4664-9809-B1C4E6AD8C8F}.Release|Any CPU.Build.0 = Release|Any CPU
	EndGlobalSection
	GlobalSection(SolutionProperties) = preSolution
		HideSolutionNode = FALSE
	EndGlobalSection
	GlobalSection(ExtensibilityGlobals) = postSolution
		SolutionGuid = {197FAA69-B87A-4D71-8B3E-BC9168545685}
	EndGlobalSection
EndGlobal
